// !$*UTF8*$!
{
	archiveVersion = 1;
	classes = {
	};
	objectVersion = 50;
	objects = {

/* Begin PBXBuildFile section */
		AC9590D823806CB00028F567 /* projectUsersStructAPI.swift in Sources */ = {isa = PBXBuildFile; fileRef = AC9590D723806CB00028F567 /* projectUsersStructAPI.swift */; };
		ACC5DBB6236B5A2B00C5CC1E /* TableVC.swift in Sources */ = {isa = PBXBuildFile; fileRef = ACC5DBB5236B5A2B00C5CC1E /* TableVC.swift */; };
		E105469823EC52F6005F5593 /* newModel.swift in Sources */ = {isa = PBXBuildFile; fileRef = E105469723EC52F6005F5593 /* newModel.swift */; };
		E10B01F123841B5600A6A99E /* SkillCell.swift in Sources */ = {isa = PBXBuildFile; fileRef = E10B01F023841B5600A6A99E /* SkillCell.swift */; };
		E10B01F323846EC700A6A99E /* ProjectCell.swift in Sources */ = {isa = PBXBuildFile; fileRef = E10B01F223846EC700A6A99E /* ProjectCell.swift */; };
		E120DCA223670FB600151F64 /* ProfileVC.swift in Sources */ = {isa = PBXBuildFile; fileRef = E120DCA123670FB600151F64 /* ProfileVC.swift */; };
		E12852F32386B194000104EC /* SlotsVC.swift in Sources */ = {isa = PBXBuildFile; fileRef = E12852F22386B194000104EC /* SlotsVC.swift */; };
		E129BDAB23A54EDF000F5FFD /* CalendarsCollectionViewCell.swift in Sources */ = {isa = PBXBuildFile; fileRef = E129BDAA23A54EDF000F5FFD /* CalendarsCollectionViewCell.swift */; };
		E15257AF2371B17200E87D32 /* Profile.swift in Sources */ = {isa = PBXBuildFile; fileRef = E15257AE2371B17200E87D32 /* Profile.swift */; };
		E176F43E239BF4820028766A /* CompanionModel.xcdatamodeld in Sources */ = {isa = PBXBuildFile; fileRef = E176F43C239BF4820028766A /* CompanionModel.xcdatamodeld */; };
		E176F440239BF5480028766A /* CoreDataStack.swift in Sources */ = {isa = PBXBuildFile; fileRef = E176F43F239BF5480028766A /* CoreDataStack.swift */; };
		E1A79E8823EAAE060022C633 /* DecodableModel.swift in Sources */ = {isa = PBXBuildFile; fileRef = E1A79E8723EAAE060022C633 /* DecodableModel.swift */; };
		E1A79E8A23EB2B5A0022C633 /* UserProfileVC.swift in Sources */ = {isa = PBXBuildFile; fileRef = E1A79E8923EB2B5A0022C633 /* UserProfileVC.swift */; };
		E1AAE5AF23631ACE0001E4FE /* AppDelegate.swift in Sources */ = {isa = PBXBuildFile; fileRef = E1AAE5AE23631ACE0001E4FE /* AppDelegate.swift */; };
		E1AAE5B123631ACE0001E4FE /* LoginVC.swift in Sources */ = {isa = PBXBuildFile; fileRef = E1AAE5B023631ACE0001E4FE /* LoginVC.swift */; };
		E1AAE5B423631ACF0001E4FE /* Main.storyboard in Resources */ = {isa = PBXBuildFile; fileRef = E1AAE5B223631ACF0001E4FE /* Main.storyboard */; };
		E1AAE5B623631AD60001E4FE /* Assets.xcassets in Resources */ = {isa = PBXBuildFile; fileRef = E1AAE5B523631AD60001E4FE /* Assets.xcassets */; };
		E1AAE5B923631AD60001E4FE /* LaunchScreen.storyboard in Resources */ = {isa = PBXBuildFile; fileRef = E1AAE5B723631AD60001E4FE /* LaunchScreen.storyboard */; };
		E1AAE5C123631B5F0001E4FE /* API.swift in Sources */ = {isa = PBXBuildFile; fileRef = E1AAE5C023631B5F0001E4FE /* API.swift */; };
		E1AAE5C3236337630001E4FE /* profileInfoStruct.swift in Sources */ = {isa = PBXBuildFile; fileRef = E1AAE5C2236337630001E4FE /* profileInfoStruct.swift */; };
		E1EB72CC23A407920092ECA0 /* MainTVC.swift in Sources */ = {isa = PBXBuildFile; fileRef = E1EB72CB23A407920092ECA0 /* MainTVC.swift */; };
/* End PBXBuildFile section */

/* Begin PBXFileReference section */
		AC9590D723806CB00028F567 /* projectUsersStructAPI.swift */ = {isa = PBXFileReference; lastKnownFileType = sourcecode.swift; path = projectUsersStructAPI.swift; sourceTree = "<group>"; };
		ACC5DBB5236B5A2B00C5CC1E /* TableVC.swift */ = {isa = PBXFileReference; lastKnownFileType = sourcecode.swift; name = TableVC.swift; path = ../View/TableVC.swift; sourceTree = "<group>"; };
		E105469723EC52F6005F5593 /* newModel.swift */ = {isa = PBXFileReference; lastKnownFileType = sourcecode.swift; path = newModel.swift; sourceTree = "<group>"; };
		E10B01F023841B5600A6A99E /* SkillCell.swift */ = {isa = PBXFileReference; lastKnownFileType = sourcecode.swift; path = SkillCell.swift; sourceTree = "<group>"; };
		E10B01F223846EC700A6A99E /* ProjectCell.swift */ = {isa = PBXFileReference; lastKnownFileType = sourcecode.swift; path = ProjectCell.swift; sourceTree = "<group>"; };
		E120DCA123670FB600151F64 /* ProfileVC.swift */ = {isa = PBXFileReference; lastKnownFileType = sourcecode.swift; name = ProfileVC.swift; path = ../View/ProfileVC.swift; sourceTree = "<group>"; };
		E12852F22386B194000104EC /* SlotsVC.swift */ = {isa = PBXFileReference; lastKnownFileType = sourcecode.swift; name = SlotsVC.swift; path = ../View/SlotsVC.swift; sourceTree = "<group>"; };
		E129BDAA23A54EDF000F5FFD /* CalendarsCollectionViewCell.swift */ = {isa = PBXFileReference; lastKnownFileType = sourcecode.swift; path = CalendarsCollectionViewCell.swift; sourceTree = "<group>"; };
		E15257AE2371B17200E87D32 /* Profile.swift */ = {isa = PBXFileReference; lastKnownFileType = sourcecode.swift; path = Profile.swift; sourceTree = "<group>"; };
		E176F43D239BF4820028766A /* CompanionModel.xcdatamodel */ = {isa = PBXFileReference; lastKnownFileType = wrapper.xcdatamodel; path = CompanionModel.xcdatamodel; sourceTree = "<group>"; };
		E176F43F239BF5480028766A /* CoreDataStack.swift */ = {isa = PBXFileReference; lastKnownFileType = sourcecode.swift; path = CoreDataStack.swift; sourceTree = "<group>"; };
		E1A79E8723EAAE060022C633 /* DecodableModel.swift */ = {isa = PBXFileReference; lastKnownFileType = sourcecode.swift; path = DecodableModel.swift; sourceTree = "<group>"; };
		E1A79E8923EB2B5A0022C633 /* UserProfileVC.swift */ = {isa = PBXFileReference; lastKnownFileType = sourcecode.swift; path = UserProfileVC.swift; sourceTree = "<group>"; };
		E1AAE5AB23631ACE0001E4FE /* companion.app */ = {isa = PBXFileReference; explicitFileType = wrapper.application; includeInIndex = 0; path = companion.app; sourceTree = BUILT_PRODUCTS_DIR; };
		E1AAE5AE23631ACE0001E4FE /* AppDelegate.swift */ = {isa = PBXFileReference; lastKnownFileType = sourcecode.swift; path = AppDelegate.swift; sourceTree = "<group>"; };
		E1AAE5B023631ACE0001E4FE /* LoginVC.swift */ = {isa = PBXFileReference; lastKnownFileType = sourcecode.swift; name = LoginVC.swift; path = ../View/LoginVC.swift; sourceTree = "<group>"; };
		E1AAE5B323631ACF0001E4FE /* Base */ = {isa = PBXFileReference; lastKnownFileType = file.storyboard; name = Base; path = Base.lproj/Main.storyboard; sourceTree = "<group>"; };
		E1AAE5B523631AD60001E4FE /* Assets.xcassets */ = {isa = PBXFileReference; lastKnownFileType = folder.assetcatalog; path = Assets.xcassets; sourceTree = "<group>"; };
		E1AAE5B823631AD60001E4FE /* Base */ = {isa = PBXFileReference; lastKnownFileType = file.storyboard; name = Base; path = Base.lproj/LaunchScreen.storyboard; sourceTree = "<group>"; };
		E1AAE5BA23631AD60001E4FE /* Info.plist */ = {isa = PBXFileReference; lastKnownFileType = text.plist.xml; path = Info.plist; sourceTree = "<group>"; };
		E1AAE5C023631B5F0001E4FE /* API.swift */ = {isa = PBXFileReference; lastKnownFileType = sourcecode.swift; path = API.swift; sourceTree = "<group>"; };
		E1AAE5C2236337630001E4FE /* profileInfoStruct.swift */ = {isa = PBXFileReference; lastKnownFileType = sourcecode.swift; path = profileInfoStruct.swift; sourceTree = "<group>"; };
		E1EB72CB23A407920092ECA0 /* MainTVC.swift */ = {isa = PBXFileReference; lastKnownFileType = sourcecode.swift; path = MainTVC.swift; sourceTree = "<group>"; };
/* End PBXFileReference section */

/* Begin PBXFrameworksBuildPhase section */
		E1AAE5A823631ACE0001E4FE /* Frameworks */ = {
			isa = PBXFrameworksBuildPhase;
			buildActionMask = 2147483647;
			files = (
			);
			runOnlyForDeploymentPostprocessing = 0;
		};
/* End PBXFrameworksBuildPhase section */

/* Begin PBXGroup section */
		E15257AB2371A19D00E87D32 /* View */ = {
			isa = PBXGroup;
			children = (
				E10B01F023841B5600A6A99E /* SkillCell.swift */,
				E10B01F223846EC700A6A99E /* ProjectCell.swift */,
				E129BDAA23A54EDF000F5FFD /* CalendarsCollectionViewCell.swift */,
			);
			path = View;
			sourceTree = "<group>";
		};
		E15257AC2371A1DD00E87D32 /* Model */ = {
			isa = PBXGroup;
			children = (
				E176F43C239BF4820028766A /* CompanionModel.xcdatamodeld */,
				E1AAE5C2236337630001E4FE /* profileInfoStruct.swift */,
				E15257AE2371B17200E87D32 /* Profile.swift */,
				AC9590D723806CB00028F567 /* projectUsersStructAPI.swift */,
				E1A79E8723EAAE060022C633 /* DecodableModel.swift */,
				E1AAE5C023631B5F0001E4FE /* API.swift */,
			);
			path = Model;
			sourceTree = "<group>";
		};
		E15257AD2371A1E900E87D32 /* Controller */ = {
			isa = PBXGroup;
			children = (
				E1AAE5B023631ACE0001E4FE /* LoginVC.swift */,
				E1EB72CB23A407920092ECA0 /* MainTVC.swift */,
				ACC5DBB5236B5A2B00C5CC1E /* TableVC.swift */,
				E120DCA123670FB600151F64 /* ProfileVC.swift */,
				E12852F22386B194000104EC /* SlotsVC.swift */,
			);
			path = Controller;
			sourceTree = "<group>";
		};
		E1AAE5A223631ACE0001E4FE = {
			isa = PBXGroup;
			children = (
				E1A79E8923EB2B5A0022C633 /* UserProfileVC.swift */,
				E1AAE5AD23631ACE0001E4FE /* companion */,
				E1AAE5AC23631ACE0001E4FE /* Products */,
			);
			sourceTree = "<group>";
		};
		E1AAE5AC23631ACE0001E4FE /* Products */ = {
			isa = PBXGroup;
			children = (
				E1AAE5AB23631ACE0001E4FE /* companion.app */,
			);
			name = Products;
			sourceTree = "<group>";
		};
		E1AAE5AD23631ACE0001E4FE /* companion */ = {
			isa = PBXGroup;
			children = (
				E176F43F239BF5480028766A /* CoreDataStack.swift */,
				E1AAE5AE23631ACE0001E4FE /* AppDelegate.swift */,
				E15257AC2371A1DD00E87D32 /* Model */,
				E15257AB2371A19D00E87D32 /* View */,
				E15257AD2371A1E900E87D32 /* Controller */,
				E1AAE5B223631ACF0001E4FE /* Main.storyboard */,
				E105469723EC52F6005F5593 /* newModel.swift */,
				E1AAE5B523631AD60001E4FE /* Assets.xcassets */,
				E1AAE5B723631AD60001E4FE /* LaunchScreen.storyboard */,
				E1AAE5BA23631AD60001E4FE /* Info.plist */,
			);
			path = companion;
			sourceTree = "<group>";
		};
/* End PBXGroup section */

/* Begin PBXNativeTarget section */
		E1AAE5AA23631ACE0001E4FE /* companion */ = {
			isa = PBXNativeTarget;
			buildConfigurationList = E1AAE5BD23631AD60001E4FE /* Build configuration list for PBXNativeTarget "companion" */;
			buildPhases = (
				E1AAE5A723631ACE0001E4FE /* Sources */,
				E1AAE5A823631ACE0001E4FE /* Frameworks */,
				E1AAE5A923631ACE0001E4FE /* Resources */,
			);
			buildRules = (
			);
			dependencies = (
			);
			name = companion;
			productName = companion;
			productReference = E1AAE5AB23631ACE0001E4FE /* companion.app */;
			productType = "com.apple.product-type.application";
		};
/* End PBXNativeTarget section */

/* Begin PBXProject section */
		E1AAE5A323631ACE0001E4FE /* Project object */ = {
			isa = PBXProject;
			attributes = {
				LastSwiftUpdateCheck = 1020;
				LastUpgradeCheck = 1020;
				ORGANIZATIONNAME = "Vladyslav PALAMARCHUK";
				TargetAttributes = {
					E1AAE5AA23631ACE0001E4FE = {
						CreatedOnToolsVersion = 10.2.1;
					};
				};
			};
			buildConfigurationList = E1AAE5A623631ACE0001E4FE /* Build configuration list for PBXProject "companion" */;
			compatibilityVersion = "Xcode 9.3";
			developmentRegion = en;
			hasScannedForEncodings = 0;
			knownRegions = (
				en,
				Base,
			);
			mainGroup = E1AAE5A223631ACE0001E4FE;
			productRefGroup = E1AAE5AC23631ACE0001E4FE /* Products */;
			projectDirPath = "";
			projectRoot = "";
			targets = (
				E1AAE5AA23631ACE0001E4FE /* companion */,
			);
		};
/* End PBXProject section */

/* Begin PBXResourcesBuildPhase section */
		E1AAE5A923631ACE0001E4FE /* Resources */ = {
			isa = PBXResourcesBuildPhase;
			buildActionMask = 2147483647;
			files = (
				E1AAE5B923631AD60001E4FE /* LaunchScreen.storyboard in Resources */,
				E1AAE5B623631AD60001E4FE /* Assets.xcassets in Resources */,
				E1AAE5B423631ACF0001E4FE /* Main.storyboard in Resources */,
			);
			runOnlyForDeploymentPostprocessing = 0;
		};
/* End PBXResourcesBuildPhase section */

/* Begin PBXSourcesBuildPhase section */
		E1AAE5A723631ACE0001E4FE /* Sources */ = {
			isa = PBXSourcesBuildPhase;
			buildActionMask = 2147483647;
			files = (
				E1AAE5C3236337630001E4FE /* profileInfoStruct.swift in Sources */,
				E10B01F123841B5600A6A99E /* SkillCell.swift in Sources */,
				E15257AF2371B17200E87D32 /* Profile.swift in Sources */,
				E1A79E8823EAAE060022C633 /* DecodableModel.swift in Sources */,
				E10B01F323846EC700A6A99E /* ProjectCell.swift in Sources */,
				E1AAE5B123631ACE0001E4FE /* LoginVC.swift in Sources */,
				E129BDAB23A54EDF000F5FFD /* CalendarsCollectionViewCell.swift in Sources */,
				E12852F32386B194000104EC /* SlotsVC.swift in Sources */,
				E176F440239BF5480028766A /* CoreDataStack.swift in Sources */,
				E120DCA223670FB600151F64 /* ProfileVC.swift in Sources */,
				ACC5DBB6236B5A2B00C5CC1E /* TableVC.swift in Sources */,
				E176F43E239BF4820028766A /* CompanionModel.xcdatamodeld in Sources */,
				E105469823EC52F6005F5593 /* newModel.swift in Sources */,
				E1EB72CC23A407920092ECA0 /* MainTVC.swift in Sources */,
				E1AAE5C123631B5F0001E4FE /* API.swift in Sources */,
				AC9590D823806CB00028F567 /* projectUsersStructAPI.swift in Sources */,
				E1A79E8A23EB2B5A0022C633 /* UserProfileVC.swift in Sources */,
				E1AAE5AF23631ACE0001E4FE /* AppDelegate.swift in Sources */,
			);
			runOnlyForDeploymentPostprocessing = 0;
		};
/* End PBXSourcesBuildPhase section */

/* Begin PBXVariantGroup section */
		E1AAE5B223631ACF0001E4FE /* Main.storyboard */ = {
			isa = PBXVariantGroup;
			children = (
				E1AAE5B323631ACF0001E4FE /* Base */,
			);
			name = Main.storyboard;
			sourceTree = "<group>";
		};
		E1AAE5B723631AD60001E4FE /* LaunchScreen.storyboard */ = {
			isa = PBXVariantGroup;
			children = (
				E1AAE5B823631AD60001E4FE /* Base */,
			);
			name = LaunchScreen.storyboard;
			sourceTree = "<group>";
		};
/* End PBXVariantGroup section */

/* Begin XCBuildConfiguration section */
		E1AAE5BB23631AD60001E4FE /* Debug */ = {
			isa = XCBuildConfiguration;
			buildSettings = {
				ALWAYS_SEARCH_USER_PATHS = NO;
				CLANG_ANALYZER_NONNULL = YES;
				CLANG_ANALYZER_NUMBER_OBJECT_CONVERSION = YES_AGGRESSIVE;
				CLANG_CXX_LANGUAGE_STANDARD = "gnu++14";
				CLANG_CXX_LIBRARY = "libc++";
				CLANG_ENABLE_MODULES = YES;
				CLANG_ENABLE_OBJC_ARC = YES;
				CLANG_ENABLE_OBJC_WEAK = YES;
				CLANG_WARN_BLOCK_CAPTURE_AUTORELEASING = YES;
				CLANG_WARN_BOOL_CONVERSION = YES;
				CLANG_WARN_COMMA = YES;
				CLANG_WARN_CONSTANT_CONVERSION = YES;
				CLANG_WARN_DEPRECATED_OBJC_IMPLEMENTATIONS = YES;
				CLANG_WARN_DIRECT_OBJC_ISA_USAGE = YES_ERROR;
				CLANG_WARN_DOCUMENTATION_COMMENTS = YES;
				CLANG_WARN_EMPTY_BODY = YES;
				CLANG_WARN_ENUM_CONVERSION = YES;
				CLANG_WARN_INFINITE_RECURSION = YES;
				CLANG_WARN_INT_CONVERSION = YES;
				CLANG_WARN_NON_LITERAL_NULL_CONVERSION = YES;
				CLANG_WARN_OBJC_IMPLICIT_RETAIN_SELF = YES;
				CLANG_WARN_OBJC_LITERAL_CONVERSION = YES;
				CLANG_WARN_OBJC_ROOT_CLASS = YES_ERROR;
				CLANG_WARN_RANGE_LOOP_ANALYSIS = YES;
				CLANG_WARN_STRICT_PROTOTYPES = YES;
				CLANG_WARN_SUSPICIOUS_MOVE = YES;
				CLANG_WARN_UNGUARDED_AVAILABILITY = YES_AGGRESSIVE;
				CLANG_WARN_UNREACHABLE_CODE = YES;
				CLANG_WARN__DUPLICATE_METHOD_MATCH = YES;
				CODE_SIGN_IDENTITY = "iPhone Developer";
				COPY_PHASE_STRIP = NO;
				DEBUG_INFORMATION_FORMAT = dwarf;
				ENABLE_STRICT_OBJC_MSGSEND = YES;
				ENABLE_TESTABILITY = YES;
				GCC_C_LANGUAGE_STANDARD = gnu11;
				GCC_DYNAMIC_NO_PIC = NO;
				GCC_NO_COMMON_BLOCKS = YES;
				GCC_OPTIMIZATION_LEVEL = 0;
				GCC_PREPROCESSOR_DEFINITIONS = (
					"DEBUG=1",
					"$(inherited)",
				);
				GCC_WARN_64_TO_32_BIT_CONVERSION = YES;
				GCC_WARN_ABOUT_RETURN_TYPE = YES_ERROR;
				GCC_WARN_UNDECLARED_SELECTOR = YES;
				GCC_WARN_UNINITIALIZED_AUTOS = YES_AGGRESSIVE;
				GCC_WARN_UNUSED_FUNCTION = YES;
				GCC_WARN_UNUSED_VARIABLE = YES;
				IPHONEOS_DEPLOYMENT_TARGET = 12.2;
				MTL_ENABLE_DEBUG_INFO = INCLUDE_SOURCE;
				MTL_FAST_MATH = YES;
				ONLY_ACTIVE_ARCH = YES;
				SDKROOT = iphoneos;
				SWIFT_ACTIVE_COMPILATION_CONDITIONS = DEBUG;
				SWIFT_OPTIMIZATION_LEVEL = "-Onone";
			};
			name = Debug;
		};
		E1AAE5BC23631AD60001E4FE /* Release */ = {
			isa = XCBuildConfiguration;
			buildSettings = {
				ALWAYS_SEARCH_USER_PATHS = NO;
				CLANG_ANALYZER_NONNULL = YES;
				CLANG_ANALYZER_NUMBER_OBJECT_CONVERSION = YES_AGGRESSIVE;
				CLANG_CXX_LANGUAGE_STANDARD = "gnu++14";
				CLANG_CXX_LIBRARY = "libc++";
				CLANG_ENABLE_MODULES = YES;
				CLANG_ENABLE_OBJC_ARC = YES;
				CLANG_ENABLE_OBJC_WEAK = YES;
				CLANG_WARN_BLOCK_CAPTURE_AUTORELEASING = YES;
				CLANG_WARN_BOOL_CONVERSION = YES;
				CLANG_WARN_COMMA = YES;
				CLANG_WARN_CONSTANT_CONVERSION = YES;
				CLANG_WARN_DEPRECATED_OBJC_IMPLEMENTATIONS = YES;
				CLANG_WARN_DIRECT_OBJC_ISA_USAGE = YES_ERROR;
				CLANG_WARN_DOCUMENTATION_COMMENTS = YES;
				CLANG_WARN_EMPTY_BODY = YES;
				CLANG_WARN_ENUM_CONVERSION = YES;
				CLANG_WARN_INFINITE_RECURSION = YES;
				CLANG_WARN_INT_CONVERSION = YES;
				CLANG_WARN_NON_LITERAL_NULL_CONVERSION = YES;
				CLANG_WARN_OBJC_IMPLICIT_RETAIN_SELF = YES;
				CLANG_WARN_OBJC_LITERAL_CONVERSION = YES;
				CLANG_WARN_OBJC_ROOT_CLASS = YES_ERROR;
				CLANG_WARN_RANGE_LOOP_ANALYSIS = YES;
				CLANG_WARN_STRICT_PROTOTYPES = YES;
				CLANG_WARN_SUSPICIOUS_MOVE = YES;
				CLANG_WARN_UNGUARDED_AVAILABILITY = YES_AGGRESSIVE;
				CLANG_WARN_UNREACHABLE_CODE = YES;
				CLANG_WARN__DUPLICATE_METHOD_MATCH = YES;
				CODE_SIGN_IDENTITY = "iPhone Developer";
				COPY_PHASE_STRIP = NO;
				DEBUG_INFORMATION_FORMAT = "dwarf-with-dsym";
				ENABLE_NS_ASSERTIONS = NO;
				ENABLE_STRICT_OBJC_MSGSEND = YES;
				GCC_C_LANGUAGE_STANDARD = gnu11;
				GCC_NO_COMMON_BLOCKS = YES;
				GCC_WARN_64_TO_32_BIT_CONVERSION = YES;
				GCC_WARN_ABOUT_RETURN_TYPE = YES_ERROR;
				GCC_WARN_UNDECLARED_SELECTOR = YES;
				GCC_WARN_UNINITIALIZED_AUTOS = YES_AGGRESSIVE;
				GCC_WARN_UNUSED_FUNCTION = YES;
				GCC_WARN_UNUSED_VARIABLE = YES;
				IPHONEOS_DEPLOYMENT_TARGET = 12.2;
				MTL_ENABLE_DEBUG_INFO = NO;
				MTL_FAST_MATH = YES;
				SDKROOT = iphoneos;
				SWIFT_COMPILATION_MODE = wholemodule;
				SWIFT_OPTIMIZATION_LEVEL = "-O";
				VALIDATE_PRODUCT = YES;
			};
			name = Release;
		};
		E1AAE5BE23631AD60001E4FE /* Debug */ = {
			isa = XCBuildConfiguration;
			buildSettings = {
				ASSETCATALOG_COMPILER_APPICON_NAME = AppIcon;
				CODE_SIGN_STYLE = Automatic;
				DEVELOPMENT_TEAM = ZBUR45N368;
				INFOPLIST_FILE = companion/Info.plist;
				IPHONEOS_DEPLOYMENT_TARGET = 12.0;
				LD_RUNPATH_SEARCH_PATHS = (
					"$(inherited)",
					"@executable_path/Frameworks",
				);
				PRODUCT_BUNDLE_IDENTIFIER = vpalamar.companion;
				PRODUCT_NAME = "$(TARGET_NAME)";
				SWIFT_VERSION = 5.0;
				TARGETED_DEVICE_FAMILY = "1,2";
			};
			name = Debug;
		};
		E1AAE5BF23631AD60001E4FE /* Release */ = {
			isa = XCBuildConfiguration;
			buildSettings = {
				ASSETCATALOG_COMPILER_APPICON_NAME = AppIcon;
				CODE_SIGN_STYLE = Automatic;
				DEVELOPMENT_TEAM = ZBUR45N368;
				INFOPLIST_FILE = companion/Info.plist;
				IPHONEOS_DEPLOYMENT_TARGET = 12.0;
				LD_RUNPATH_SEARCH_PATHS = (
					"$(inherited)",
					"@executable_path/Frameworks",
				);
				PRODUCT_BUNDLE_IDENTIFIER = vpalamar.companion;
				PRODUCT_NAME = "$(TARGET_NAME)";
				SWIFT_VERSION = 5.0;
				TARGETED_DEVICE_FAMILY = "1,2";
			};
			name = Release;
		};
/* End XCBuildConfiguration section */

/* Begin XCConfigurationList section */
		E1AAE5A623631ACE0001E4FE /* Build configuration list for PBXProject "companion" */ = {
			isa = XCConfigurationList;
			buildConfigurations = (
				E1AAE5BB23631AD60001E4FE /* Debug */,
				E1AAE5BC23631AD60001E4FE /* Release */,
			);
			defaultConfigurationIsVisible = 0;
			defaultConfigurationName = Release;
		};
		E1AAE5BD23631AD60001E4FE /* Build configuration list for PBXNativeTarget "companion" */ = {
			isa = XCConfigurationList;
			buildConfigurations = (
				E1AAE5BE23631AD60001E4FE /* Debug */,
				E1AAE5BF23631AD60001E4FE /* Release */,
			);
			defaultConfigurationIsVisible = 0;
			defaultConfigurationName = Release;
		};
/* End XCConfigurationList section */

/* Begin XCVersionGroup section */
		E176F43C239BF4820028766A /* CompanionModel.xcdatamodeld */ = {
			isa = XCVersionGroup;
			children = (
				E176F43D239BF4820028766A /* CompanionModel.xcdatamodel */,
			);
			currentVersion = E176F43D239BF4820028766A /* CompanionModel.xcdatamodel */;
			path = CompanionModel.xcdatamodeld;
			sourceTree = "<group>";
			versionGroupType = wrapper.xcdatamodel;
		};
/* End XCVersionGroup section */
	};
	rootObject = E1AAE5A323631ACE0001E4FE /* Project object */;
}
