// !$*UTF8*$!
{
	archiveVersion = 1;
	classes = {
	};
	objectVersion = 51;
	objects = {

/* Begin PBXBuildFile section */
		ACC5DBB6236B5A2B00C5CC1E /* SearchTVC.swift in Sources */ = {isa = PBXBuildFile; fileRef = ACC5DBB5236B5A2B00C5CC1E /* SearchTVC.swift */; };
		E105469823EC52F6005F5593 /* UserModel.swift in Sources */ = {isa = PBXBuildFile; fileRef = E105469723EC52F6005F5593 /* UserModel.swift */; };
		E10B01F123841B5600A6A99E /* SkillCell.swift in Sources */ = {isa = PBXBuildFile; fileRef = E10B01F023841B5600A6A99E /* SkillCell.swift */; };
		E10B01F323846EC700A6A99E /* ProjectCell.swift in Sources */ = {isa = PBXBuildFile; fileRef = E10B01F223846EC700A6A99E /* ProjectCell.swift */; };
		E10BF78123F14A79009F9F53 /* Projects+Skills+AchievementsTVC.swift in Sources */ = {isa = PBXBuildFile; fileRef = E10BF78023F14A79009F9F53 /* Projects+Skills+AchievementsTVC.swift */; };
		E10BF78523F14B10009F9F53 /* AchievementCell.swift in Sources */ = {isa = PBXBuildFile; fileRef = E10BF78423F14B10009F9F53 /* AchievementCell.swift */; };
		E10F921623F43A5800E37615 /* ProjectTVC.swift in Sources */ = {isa = PBXBuildFile; fileRef = E10F921523F43A5800E37615 /* ProjectTVC.swift */; };
		E10F921823F4412400E37615 /* ProjectMainInfoCell.swift in Sources */ = {isa = PBXBuildFile; fileRef = E10F921723F4412400E37615 /* ProjectMainInfoCell.swift */; };
		E10F921A23F4414A00E37615 /* ProjectDescriptionCell.swift in Sources */ = {isa = PBXBuildFile; fileRef = E10F921923F4414A00E37615 /* ProjectDescriptionCell.swift */; };
		E10F921C23F4415B00E37615 /* ProjectTeamCell.swift in Sources */ = {isa = PBXBuildFile; fileRef = E10F921B23F4415B00E37615 /* ProjectTeamCell.swift */; };
		E10F922123F4814B00E37615 /* ProjectTeamCVCell.swift in Sources */ = {isa = PBXBuildFile; fileRef = E10F922023F4814B00E37615 /* ProjectTeamCVCell.swift */; };
		E176F43E239BF4820028766A /* CompanionModel.xcdatamodeld in Sources */ = {isa = PBXBuildFile; fileRef = E176F43C239BF4820028766A /* CompanionModel.xcdatamodeld */; };
		E176F440239BF5480028766A /* CoreDataStack.swift in Sources */ = {isa = PBXBuildFile; fileRef = E176F43F239BF5480028766A /* CoreDataStack.swift */; };
		E17FD19A23F718ED00C52066 /* CorrectionFormModel.swift in Sources */ = {isa = PBXBuildFile; fileRef = E17FD19923F718ED00C52066 /* CorrectionFormModel.swift */; };
		E17FD19C23F731D500C52066 /* GoogleAPI.swift in Sources */ = {isa = PBXBuildFile; fileRef = E17FD19B23F731D500C52066 /* GoogleAPI.swift */; };
		E17FD19F23F733A000C52066 /* 42API.swift in Sources */ = {isa = PBXBuildFile; fileRef = E17FD19E23F733A000C52066 /* 42API.swift */; };
		E19D2F6923FAD88200E11DD0 /* CorrectionFormCell.swift in Sources */ = {isa = PBXBuildFile; fileRef = E19D2F6823FAD88100E11DD0 /* CorrectionFormCell.swift */; };
		E19D2F6B23FAD95900E11DD0 /* CorrectionFormTVC.swift in Sources */ = {isa = PBXBuildFile; fileRef = E19D2F6A23FAD95900E11DD0 /* CorrectionFormTVC.swift */; };
		E19E1DE423ED34E8006F3594 /* JSONme.swift in Sources */ = {isa = PBXBuildFile; fileRef = E19E1DE323ED34E8006F3594 /* JSONme.swift */; };
		E1A79E8823EAAE060022C633 /* TokenModel.swift in Sources */ = {isa = PBXBuildFile; fileRef = E1A79E8723EAAE060022C633 /* TokenModel.swift */; };
		E1A79E8A23EB2B5A0022C633 /* UserProfileVC.swift in Sources */ = {isa = PBXBuildFile; fileRef = E1A79E8923EB2B5A0022C633 /* UserProfileVC.swift */; };
		E1AAE5AF23631ACE0001E4FE /* AppDelegate.swift in Sources */ = {isa = PBXBuildFile; fileRef = E1AAE5AE23631ACE0001E4FE /* AppDelegate.swift */; };
		E1AAE5B123631ACE0001E4FE /* LoginVC.swift in Sources */ = {isa = PBXBuildFile; fileRef = E1AAE5B023631ACE0001E4FE /* LoginVC.swift */; };
		E1AAE5B423631ACF0001E4FE /* Main.storyboard in Resources */ = {isa = PBXBuildFile; fileRef = E1AAE5B223631ACF0001E4FE /* Main.storyboard */; };
		E1AAE5B623631AD60001E4FE /* Assets.xcassets in Resources */ = {isa = PBXBuildFile; fileRef = E1AAE5B523631AD60001E4FE /* Assets.xcassets */; };
		E1AAE5B923631AD60001E4FE /* LaunchScreen.storyboard in Resources */ = {isa = PBXBuildFile; fileRef = E1AAE5B723631AD60001E4FE /* LaunchScreen.storyboard */; };
		E8D70778DCD07C9FA9A87DC2 /* Pods_companion.framework in Frameworks */ = {isa = PBXBuildFile; fileRef = 44C38A4EE49D2ADA1ABF5322 /* Pods_companion.framework */; };
/* End PBXBuildFile section */

/* Begin PBXFileReference section */
		097C92CF47CF695890E3B88E /* Pods-companion.release.xcconfig */ = {isa = PBXFileReference; includeInIndex = 1; lastKnownFileType = text.xcconfig; name = "Pods-companion.release.xcconfig"; path = "Target Support Files/Pods-companion/Pods-companion.release.xcconfig"; sourceTree = "<group>"; };
		44C38A4EE49D2ADA1ABF5322 /* Pods_companion.framework */ = {isa = PBXFileReference; explicitFileType = wrapper.framework; includeInIndex = 0; path = Pods_companion.framework; sourceTree = BUILT_PRODUCTS_DIR; };
		ACC5DBB5236B5A2B00C5CC1E /* SearchTVC.swift */ = {isa = PBXFileReference; lastKnownFileType = sourcecode.swift; name = SearchTVC.swift; path = ../View/SearchTVC.swift; sourceTree = "<group>"; };
		E105469723EC52F6005F5593 /* UserModel.swift */ = {isa = PBXFileReference; lastKnownFileType = sourcecode.swift; path = UserModel.swift; sourceTree = "<group>"; };
		E10B01F023841B5600A6A99E /* SkillCell.swift */ = {isa = PBXFileReference; lastKnownFileType = sourcecode.swift; path = SkillCell.swift; sourceTree = "<group>"; };
		E10B01F223846EC700A6A99E /* ProjectCell.swift */ = {isa = PBXFileReference; lastKnownFileType = sourcecode.swift; path = ProjectCell.swift; sourceTree = "<group>"; };
		E10BF78023F14A79009F9F53 /* Projects+Skills+AchievementsTVC.swift */ = {isa = PBXFileReference; lastKnownFileType = sourcecode.swift; path = "Projects+Skills+AchievementsTVC.swift"; sourceTree = "<group>"; };
		E10BF78423F14B10009F9F53 /* AchievementCell.swift */ = {isa = PBXFileReference; lastKnownFileType = sourcecode.swift; path = AchievementCell.swift; sourceTree = "<group>"; };
		E10F921523F43A5800E37615 /* ProjectTVC.swift */ = {isa = PBXFileReference; lastKnownFileType = sourcecode.swift; path = ProjectTVC.swift; sourceTree = "<group>"; };
		E10F921723F4412400E37615 /* ProjectMainInfoCell.swift */ = {isa = PBXFileReference; lastKnownFileType = sourcecode.swift; path = ProjectMainInfoCell.swift; sourceTree = "<group>"; };
		E10F921923F4414A00E37615 /* ProjectDescriptionCell.swift */ = {isa = PBXFileReference; lastKnownFileType = sourcecode.swift; path = ProjectDescriptionCell.swift; sourceTree = "<group>"; };
		E10F921B23F4415B00E37615 /* ProjectTeamCell.swift */ = {isa = PBXFileReference; lastKnownFileType = sourcecode.swift; path = ProjectTeamCell.swift; sourceTree = "<group>"; };
		E10F922023F4814B00E37615 /* ProjectTeamCVCell.swift */ = {isa = PBXFileReference; lastKnownFileType = sourcecode.swift; path = ProjectTeamCVCell.swift; sourceTree = "<group>"; };
		E176F43D239BF4820028766A /* CompanionModel.xcdatamodel */ = {isa = PBXFileReference; lastKnownFileType = wrapper.xcdatamodel; path = CompanionModel.xcdatamodel; sourceTree = "<group>"; };
		E176F43F239BF5480028766A /* CoreDataStack.swift */ = {isa = PBXFileReference; lastKnownFileType = sourcecode.swift; path = CoreDataStack.swift; sourceTree = "<group>"; };
		E17FD19923F718ED00C52066 /* CorrectionFormModel.swift */ = {isa = PBXFileReference; lastKnownFileType = sourcecode.swift; path = CorrectionFormModel.swift; sourceTree = "<group>"; };
		E17FD19B23F731D500C52066 /* GoogleAPI.swift */ = {isa = PBXFileReference; lastKnownFileType = sourcecode.swift; path = GoogleAPI.swift; sourceTree = "<group>"; };
		E17FD19E23F733A000C52066 /* 42API.swift */ = {isa = PBXFileReference; lastKnownFileType = sourcecode.swift; path = 42API.swift; sourceTree = "<group>"; };
		E19D2F6823FAD88100E11DD0 /* CorrectionFormCell.swift */ = {isa = PBXFileReference; lastKnownFileType = sourcecode.swift; path = CorrectionFormCell.swift; sourceTree = "<group>"; };
		E19D2F6A23FAD95900E11DD0 /* CorrectionFormTVC.swift */ = {isa = PBXFileReference; lastKnownFileType = sourcecode.swift; path = CorrectionFormTVC.swift; sourceTree = "<group>"; };
		E19E1DE323ED34E8006F3594 /* JSONme.swift */ = {isa = PBXFileReference; lastKnownFileType = sourcecode.swift; path = JSONme.swift; sourceTree = "<group>"; };
		E1A79E8723EAAE060022C633 /* TokenModel.swift */ = {isa = PBXFileReference; lastKnownFileType = sourcecode.swift; path = TokenModel.swift; sourceTree = "<group>"; };
		E1A79E8923EB2B5A0022C633 /* UserProfileVC.swift */ = {isa = PBXFileReference; lastKnownFileType = sourcecode.swift; path = UserProfileVC.swift; sourceTree = "<group>"; };
		E1AAE5AB23631ACE0001E4FE /* companion.app */ = {isa = PBXFileReference; explicitFileType = wrapper.application; includeInIndex = 0; path = companion.app; sourceTree = BUILT_PRODUCTS_DIR; };
		E1AAE5AE23631ACE0001E4FE /* AppDelegate.swift */ = {isa = PBXFileReference; lastKnownFileType = sourcecode.swift; path = AppDelegate.swift; sourceTree = "<group>"; };
		E1AAE5B023631ACE0001E4FE /* LoginVC.swift */ = {isa = PBXFileReference; lastKnownFileType = sourcecode.swift; name = LoginVC.swift; path = ../View/LoginVC.swift; sourceTree = "<group>"; };
		E1AAE5B323631ACF0001E4FE /* Base */ = {isa = PBXFileReference; lastKnownFileType = file.storyboard; name = Base; path = Base.lproj/Main.storyboard; sourceTree = "<group>"; };
		E1AAE5B523631AD60001E4FE /* Assets.xcassets */ = {isa = PBXFileReference; lastKnownFileType = folder.assetcatalog; path = Assets.xcassets; sourceTree = "<group>"; };
		E1AAE5B823631AD60001E4FE /* Base */ = {isa = PBXFileReference; lastKnownFileType = file.storyboard; name = Base; path = Base.lproj/LaunchScreen.storyboard; sourceTree = "<group>"; };
		E1AAE5BA23631AD60001E4FE /* Info.plist */ = {isa = PBXFileReference; lastKnownFileType = text.plist.xml; path = Info.plist; sourceTree = "<group>"; };
		FFF2494E4D6885EF8530AFB2 /* Pods-companion.debug.xcconfig */ = {isa = PBXFileReference; includeInIndex = 1; lastKnownFileType = text.xcconfig; name = "Pods-companion.debug.xcconfig"; path = "Target Support Files/Pods-companion/Pods-companion.debug.xcconfig"; sourceTree = "<group>"; };
/* End PBXFileReference section */

/* Begin PBXFrameworksBuildPhase section */
		E1AAE5A823631ACE0001E4FE /* Frameworks */ = {
			isa = PBXFrameworksBuildPhase;
			buildActionMask = 2147483647;
			files = (
				E8D70778DCD07C9FA9A87DC2 /* Pods_companion.framework in Frameworks */,
			);
			runOnlyForDeploymentPostprocessing = 0;
		};
/* End PBXFrameworksBuildPhase section */

/* Begin PBXGroup section */
		8E649CB473DEF653149D75C4 /* Frameworks */ = {
			isa = PBXGroup;
			children = (
				44C38A4EE49D2ADA1ABF5322 /* Pods_companion.framework */,
			);
			name = Frameworks;
			sourceTree = "<group>";
		};
		E10F921F23F4463600E37615 /* ProjectCells */ = {
			isa = PBXGroup;
			children = (
				E10F921723F4412400E37615 /* ProjectMainInfoCell.swift */,
				E10F921923F4414A00E37615 /* ProjectDescriptionCell.swift */,
				E10F921B23F4415B00E37615 /* ProjectTeamCell.swift */,
				E10F922023F4814B00E37615 /* ProjectTeamCVCell.swift */,
				E19D2F6823FAD88100E11DD0 /* CorrectionFormCell.swift */,
			);
			path = ProjectCells;
			sourceTree = "<group>";
		};
		E15257AB2371A19D00E87D32 /* View */ = {
			isa = PBXGroup;
			children = (
				E10B01F023841B5600A6A99E /* SkillCell.swift */,
				E10B01F223846EC700A6A99E /* ProjectCell.swift */,
				E10BF78423F14B10009F9F53 /* AchievementCell.swift */,
				E10F921F23F4463600E37615 /* ProjectCells */,
			);
			path = View;
			sourceTree = "<group>";
		};
		E15257AC2371A1DD00E87D32 /* Model */ = {
			isa = PBXGroup;
			children = (
				E176F43C239BF4820028766A /* CompanionModel.xcdatamodeld */,
				E1A79E8723EAAE060022C633 /* TokenModel.swift */,
				E105469723EC52F6005F5593 /* UserModel.swift */,
				E17FD19923F718ED00C52066 /* CorrectionFormModel.swift */,
				E19E1DE323ED34E8006F3594 /* JSONme.swift */,
			);
			path = Model;
			sourceTree = "<group>";
		};
		E15257AD2371A1E900E87D32 /* Controller */ = {
			isa = PBXGroup;
			children = (
				E1AAE5B023631ACE0001E4FE /* LoginVC.swift */,
				E1A79E8923EB2B5A0022C633 /* UserProfileVC.swift */,
				E10BF78023F14A79009F9F53 /* Projects+Skills+AchievementsTVC.swift */,
				E10F921523F43A5800E37615 /* ProjectTVC.swift */,
				ACC5DBB5236B5A2B00C5CC1E /* SearchTVC.swift */,
				E19D2F6A23FAD95900E11DD0 /* CorrectionFormTVC.swift */,
			);
			path = Controller;
			sourceTree = "<group>";
		};
		E17FD19D23F7321400C52066 /* Networking */ = {
			isa = PBXGroup;
			children = (
				E17FD19E23F733A000C52066 /* 42API.swift */,
				E17FD19B23F731D500C52066 /* GoogleAPI.swift */,
			);
			path = Networking;
			sourceTree = "<group>";
		};
		E1A162B623EDF05B0091DAD0 /* Additional */ = {
			isa = PBXGroup;
			children = (
				E176F43F239BF5480028766A /* CoreDataStack.swift */,
				E1AAE5AE23631ACE0001E4FE /* AppDelegate.swift */,
				E1AAE5B523631AD60001E4FE /* Assets.xcassets */,
				E1AAE5B723631AD60001E4FE /* LaunchScreen.storyboard */,
				E1AAE5BA23631AD60001E4FE /* Info.plist */,
			);
			path = Additional;
			sourceTree = "<group>";
		};
		E1AAE5A223631ACE0001E4FE = {
			isa = PBXGroup;
			children = (
				E1AAE5AD23631ACE0001E4FE /* companion */,
				E1AAE5AC23631ACE0001E4FE /* Products */,
				FDBDF6BBCDACDDEA6EDA174A /* Pods */,
				8E649CB473DEF653149D75C4 /* Frameworks */,
			);
			sourceTree = "<group>";
		};
		E1AAE5AC23631ACE0001E4FE /* Products */ = {
			isa = PBXGroup;
			children = (
				E1AAE5AB23631ACE0001E4FE /* companion.app */,
			);
			name = Products;
			sourceTree = "<group>";
		};
		E1AAE5AD23631ACE0001E4FE /* companion */ = {
			isa = PBXGroup;
			children = (
				E1A162B623EDF05B0091DAD0 /* Additional */,
				E15257AC2371A1DD00E87D32 /* Model */,
				E15257AB2371A19D00E87D32 /* View */,
				E15257AD2371A1E900E87D32 /* Controller */,
				E17FD19D23F7321400C52066 /* Networking */,
				E1AAE5B223631ACF0001E4FE /* Main.storyboard */,
			);
			path = companion;
			sourceTree = "<group>";
		};
		FDBDF6BBCDACDDEA6EDA174A /* Pods */ = {
			isa = PBXGroup;
			children = (
				FFF2494E4D6885EF8530AFB2 /* Pods-companion.debug.xcconfig */,
				097C92CF47CF695890E3B88E /* Pods-companion.release.xcconfig */,
			);
			path = Pods;
			sourceTree = "<group>";
		};
/* End PBXGroup section */

/* Begin PBXNativeTarget section */
		E1AAE5AA23631ACE0001E4FE /* companion */ = {
			isa = PBXNativeTarget;
			buildConfigurationList = E1AAE5BD23631AD60001E4FE /* Build configuration list for PBXNativeTarget "companion" */;
			buildPhases = (
				A7D1627878B316E5CEA645CA /* [CP] Check Pods Manifest.lock */,
				E1AAE5A723631ACE0001E4FE /* Sources */,
				E1AAE5A823631ACE0001E4FE /* Frameworks */,
				E1AAE5A923631ACE0001E4FE /* Resources */,
				082C93CACB0922D83221B74A /* [CP] Embed Pods Frameworks */,
			);
			buildRules = (
			);
			dependencies = (
			);
			name = companion;
			productName = companion;
			productReference = E1AAE5AB23631ACE0001E4FE /* companion.app */;
			productType = "com.apple.product-type.application";
		};
/* End PBXNativeTarget section */

/* Begin PBXProject section */
		E1AAE5A323631ACE0001E4FE /* Project object */ = {
			isa = PBXProject;
			attributes = {
				LastSwiftUpdateCheck = 1020;
				LastUpgradeCheck = 1020;
				ORGANIZATIONNAME = "Vladyslav PALAMARCHUK";
				TargetAttributes = {
					E1AAE5AA23631ACE0001E4FE = {
						CreatedOnToolsVersion = 10.2.1;
					};
				};
			};
			buildConfigurationList = E1AAE5A623631ACE0001E4FE /* Build configuration list for PBXProject "companion" */;
			compatibilityVersion = "Xcode 9.3";
			developmentRegion = en;
			hasScannedForEncodings = 0;
			knownRegions = (
				en,
				Base,
			);
			mainGroup = E1AAE5A223631ACE0001E4FE;
			productRefGroup = E1AAE5AC23631ACE0001E4FE /* Products */;
			projectDirPath = "";
			projectRoot = "";
			targets = (
				E1AAE5AA23631ACE0001E4FE /* companion */,
			);
		};
/* End PBXProject section */

/* Begin PBXResourcesBuildPhase section */
		E1AAE5A923631ACE0001E4FE /* Resources */ = {
			isa = PBXResourcesBuildPhase;
			buildActionMask = 2147483647;
			files = (
				E1AAE5B923631AD60001E4FE /* LaunchScreen.storyboard in Resources */,
				E1AAE5B623631AD60001E4FE /* Assets.xcassets in Resources */,
				E1AAE5B423631ACF0001E4FE /* Main.storyboard in Resources */,
			);
			runOnlyForDeploymentPostprocessing = 0;
		};
/* End PBXResourcesBuildPhase section */

/* Begin PBXShellScriptBuildPhase section */
		082C93CACB0922D83221B74A /* [CP] Embed Pods Frameworks */ = {
			isa = PBXShellScriptBuildPhase;
			buildActionMask = 2147483647;
			files = (
			);
			inputFileListPaths = (
				"${PODS_ROOT}/Target Support Files/Pods-companion/Pods-companion-frameworks-${CONFIGURATION}-input-files.xcfilelist",
			);
			name = "[CP] Embed Pods Frameworks";
			outputFileListPaths = (
				"${PODS_ROOT}/Target Support Files/Pods-companion/Pods-companion-frameworks-${CONFIGURATION}-output-files.xcfilelist",
			);
			runOnlyForDeploymentPostprocessing = 0;
			shellPath = /bin/sh;
			shellScript = "\"${PODS_ROOT}/Target Support Files/Pods-companion/Pods-companion-frameworks.sh\"\n";
			showEnvVarsInLog = 0;
		};
		A7D1627878B316E5CEA645CA /* [CP] Check Pods Manifest.lock */ = {
			isa = PBXShellScriptBuildPhase;
			buildActionMask = 2147483647;
			files = (
			);
			inputFileListPaths = (
			);
			inputPaths = (
				"${PODS_PODFILE_DIR_PATH}/Podfile.lock",
				"${PODS_ROOT}/Manifest.lock",
			);
			name = "[CP] Check Pods Manifest.lock";
			outputFileListPaths = (
			);
			outputPaths = (
				"$(DERIVED_FILE_DIR)/Pods-companion-checkManifestLockResult.txt",
			);
			runOnlyForDeploymentPostprocessing = 0;
			shellPath = /bin/sh;
			shellScript = "diff \"${PODS_PODFILE_DIR_PATH}/Podfile.lock\" \"${PODS_ROOT}/Manifest.lock\" > /dev/null\nif [ $? != 0 ] ; then\n    # print error to STDERR\n    echo \"error: The sandbox is not in sync with the Podfile.lock. Run 'pod install' or update your CocoaPods installation.\" >&2\n    exit 1\nfi\n# This output is used by Xcode 'outputs' to avoid re-running this script phase.\necho \"SUCCESS\" > \"${SCRIPT_OUTPUT_FILE_0}\"\n";
			showEnvVarsInLog = 0;
		};
/* End PBXShellScriptBuildPhase section */

/* Begin PBXSourcesBuildPhase section */
		E1AAE5A723631ACE0001E4FE /* Sources */ = {
			isa = PBXSourcesBuildPhase;
			buildActionMask = 2147483647;
			files = (
				E10B01F123841B5600A6A99E /* SkillCell.swift in Sources */,
				E10BF78523F14B10009F9F53 /* AchievementCell.swift in Sources */,
				E1A79E8823EAAE060022C633 /* TokenModel.swift in Sources */,
				E10B01F323846EC700A6A99E /* ProjectCell.swift in Sources */,
				E1AAE5B123631ACE0001E4FE /* LoginVC.swift in Sources */,
				E17FD19A23F718ED00C52066 /* CorrectionFormModel.swift in Sources */,
				E17FD19C23F731D500C52066 /* GoogleAPI.swift in Sources */,
				E176F440239BF5480028766A /* CoreDataStack.swift in Sources */,
				E10BF78123F14A79009F9F53 /* Projects+Skills+AchievementsTVC.swift in Sources */,
				E19D2F6B23FAD95900E11DD0 /* CorrectionFormTVC.swift in Sources */,
				ACC5DBB6236B5A2B00C5CC1E /* SearchTVC.swift in Sources */,
				E10F922123F4814B00E37615 /* ProjectTeamCVCell.swift in Sources */,
				E10F921C23F4415B00E37615 /* ProjectTeamCell.swift in Sources */,
				E176F43E239BF4820028766A /* CompanionModel.xcdatamodeld in Sources */,
				E19D2F6923FAD88200E11DD0 /* CorrectionFormCell.swift in Sources */,
				E105469823EC52F6005F5593 /* UserModel.swift in Sources */,
				E10F921623F43A5800E37615 /* ProjectTVC.swift in Sources */,
				E19E1DE423ED34E8006F3594 /* JSONme.swift in Sources */,
				E10F921823F4412400E37615 /* ProjectMainInfoCell.swift in Sources */,
				E17FD19F23F733A000C52066 /* 42API.swift in Sources */,
				E10F921A23F4414A00E37615 /* ProjectDescriptionCell.swift in Sources */,
				E1A79E8A23EB2B5A0022C633 /* UserProfileVC.swift in Sources */,
				E1AAE5AF23631ACE0001E4FE /* AppDelegate.swift in Sources */,
			);
			runOnlyForDeploymentPostprocessing = 0;
		};
/* End PBXSourcesBuildPhase section */

/* Begin PBXVariantGroup section */
		E1AAE5B223631ACF0001E4FE /* Main.storyboard */ = {
			isa = PBXVariantGroup;
			children = (
				E1AAE5B323631ACF0001E4FE /* Base */,
			);
			name = Main.storyboard;
			sourceTree = "<group>";
		};
		E1AAE5B723631AD60001E4FE /* LaunchScreen.storyboard */ = {
			isa = PBXVariantGroup;
			children = (
				E1AAE5B823631AD60001E4FE /* Base */,
			);
			name = LaunchScreen.storyboard;
			sourceTree = "<group>";
		};
/* End PBXVariantGroup section */

/* Begin XCBuildConfiguration section */
		E1AAE5BB23631AD60001E4FE /* Debug */ = {
			isa = XCBuildConfiguration;
			buildSettings = {
				ALWAYS_SEARCH_USER_PATHS = NO;
				CLANG_ANALYZER_NONNULL = YES;
				CLANG_ANALYZER_NUMBER_OBJECT_CONVERSION = YES_AGGRESSIVE;
				CLANG_CXX_LANGUAGE_STANDARD = "gnu++14";
				CLANG_CXX_LIBRARY = "libc++";
				CLANG_ENABLE_MODULES = YES;
				CLANG_ENABLE_OBJC_ARC = YES;
				CLANG_ENABLE_OBJC_WEAK = YES;
				CLANG_WARN_BLOCK_CAPTURE_AUTORELEASING = YES;
				CLANG_WARN_BOOL_CONVERSION = YES;
				CLANG_WARN_COMMA = YES;
				CLANG_WARN_CONSTANT_CONVERSION = YES;
				CLANG_WARN_DEPRECATED_OBJC_IMPLEMENTATIONS = YES;
				CLANG_WARN_DIRECT_OBJC_ISA_USAGE = YES_ERROR;
				CLANG_WARN_DOCUMENTATION_COMMENTS = YES;
				CLANG_WARN_EMPTY_BODY = YES;
				CLANG_WARN_ENUM_CONVERSION = YES;
				CLANG_WARN_INFINITE_RECURSION = YES;
				CLANG_WARN_INT_CONVERSION = YES;
				CLANG_WARN_NON_LITERAL_NULL_CONVERSION = YES;
				CLANG_WARN_OBJC_IMPLICIT_RETAIN_SELF = YES;
				CLANG_WARN_OBJC_LITERAL_CONVERSION = YES;
				CLANG_WARN_OBJC_ROOT_CLASS = YES_ERROR;
				CLANG_WARN_RANGE_LOOP_ANALYSIS = YES;
				CLANG_WARN_STRICT_PROTOTYPES = YES;
				CLANG_WARN_SUSPICIOUS_MOVE = YES;
				CLANG_WARN_UNGUARDED_AVAILABILITY = YES_AGGRESSIVE;
				CLANG_WARN_UNREACHABLE_CODE = YES;
				CLANG_WARN__DUPLICATE_METHOD_MATCH = YES;
				CODE_SIGN_IDENTITY = "iPhone Developer";
				COPY_PHASE_STRIP = NO;
				DEBUG_INFORMATION_FORMAT = dwarf;
				ENABLE_STRICT_OBJC_MSGSEND = YES;
				ENABLE_TESTABILITY = YES;
				GCC_C_LANGUAGE_STANDARD = gnu11;
				GCC_DYNAMIC_NO_PIC = NO;
				GCC_NO_COMMON_BLOCKS = YES;
				GCC_OPTIMIZATION_LEVEL = 0;
				GCC_PREPROCESSOR_DEFINITIONS = (
					"DEBUG=1",
					"$(inherited)",
				);
				GCC_WARN_64_TO_32_BIT_CONVERSION = YES;
				GCC_WARN_ABOUT_RETURN_TYPE = YES_ERROR;
				GCC_WARN_UNDECLARED_SELECTOR = YES;
				GCC_WARN_UNINITIALIZED_AUTOS = YES_AGGRESSIVE;
				GCC_WARN_UNUSED_FUNCTION = YES;
				GCC_WARN_UNUSED_VARIABLE = YES;
				IPHONEOS_DEPLOYMENT_TARGET = 12.2;
				MTL_ENABLE_DEBUG_INFO = INCLUDE_SOURCE;
				MTL_FAST_MATH = YES;
				ONLY_ACTIVE_ARCH = YES;
				SDKROOT = iphoneos;
				SWIFT_ACTIVE_COMPILATION_CONDITIONS = DEBUG;
				SWIFT_OPTIMIZATION_LEVEL = "-Onone";
			};
			name = Debug;
		};
		E1AAE5BC23631AD60001E4FE /* Release */ = {
			isa = XCBuildConfiguration;
			buildSettings = {
				ALWAYS_SEARCH_USER_PATHS = NO;
				CLANG_ANALYZER_NONNULL = YES;
				CLANG_ANALYZER_NUMBER_OBJECT_CONVERSION = YES_AGGRESSIVE;
				CLANG_CXX_LANGUAGE_STANDARD = "gnu++14";
				CLANG_CXX_LIBRARY = "libc++";
				CLANG_ENABLE_MODULES = YES;
				CLANG_ENABLE_OBJC_ARC = YES;
				CLANG_ENABLE_OBJC_WEAK = YES;
				CLANG_WARN_BLOCK_CAPTURE_AUTORELEASING = YES;
				CLANG_WARN_BOOL_CONVERSION = YES;
				CLANG_WARN_COMMA = YES;
				CLANG_WARN_CONSTANT_CONVERSION = YES;
				CLANG_WARN_DEPRECATED_OBJC_IMPLEMENTATIONS = YES;
				CLANG_WARN_DIRECT_OBJC_ISA_USAGE = YES_ERROR;
				CLANG_WARN_DOCUMENTATION_COMMENTS = YES;
				CLANG_WARN_EMPTY_BODY = YES;
				CLANG_WARN_ENUM_CONVERSION = YES;
				CLANG_WARN_INFINITE_RECURSION = YES;
				CLANG_WARN_INT_CONVERSION = YES;
				CLANG_WARN_NON_LITERAL_NULL_CONVERSION = YES;
				CLANG_WARN_OBJC_IMPLICIT_RETAIN_SELF = YES;
				CLANG_WARN_OBJC_LITERAL_CONVERSION = YES;
				CLANG_WARN_OBJC_ROOT_CLASS = YES_ERROR;
				CLANG_WARN_RANGE_LOOP_ANALYSIS = YES;
				CLANG_WARN_STRICT_PROTOTYPES = YES;
				CLANG_WARN_SUSPICIOUS_MOVE = YES;
				CLANG_WARN_UNGUARDED_AVAILABILITY = YES_AGGRESSIVE;
				CLANG_WARN_UNREACHABLE_CODE = YES;
				CLANG_WARN__DUPLICATE_METHOD_MATCH = YES;
				CODE_SIGN_IDENTITY = "iPhone Developer";
				COPY_PHASE_STRIP = NO;
				DEBUG_INFORMATION_FORMAT = "dwarf-with-dsym";
				ENABLE_NS_ASSERTIONS = NO;
				ENABLE_STRICT_OBJC_MSGSEND = YES;
				GCC_C_LANGUAGE_STANDARD = gnu11;
				GCC_NO_COMMON_BLOCKS = YES;
				GCC_WARN_64_TO_32_BIT_CONVERSION = YES;
				GCC_WARN_ABOUT_RETURN_TYPE = YES_ERROR;
				GCC_WARN_UNDECLARED_SELECTOR = YES;
				GCC_WARN_UNINITIALIZED_AUTOS = YES_AGGRESSIVE;
				GCC_WARN_UNUSED_FUNCTION = YES;
				GCC_WARN_UNUSED_VARIABLE = YES;
				IPHONEOS_DEPLOYMENT_TARGET = 12.2;
				MTL_ENABLE_DEBUG_INFO = NO;
				MTL_FAST_MATH = YES;
				SDKROOT = iphoneos;
				SWIFT_COMPILATION_MODE = wholemodule;
				SWIFT_OPTIMIZATION_LEVEL = "-O";
				VALIDATE_PRODUCT = YES;
			};
			name = Release;
		};
		E1AAE5BE23631AD60001E4FE /* Debug */ = {
			isa = XCBuildConfiguration;
			baseConfigurationReference = FFF2494E4D6885EF8530AFB2 /* Pods-companion.debug.xcconfig */;
			buildSettings = {
				ASSETCATALOG_COMPILER_APPICON_NAME = AppIcon;
				CODE_SIGN_STYLE = Automatic;
				DEVELOPMENT_TEAM = ZBUR45N368;
				INFOPLIST_FILE = companion/Additional/Info.plist;
				IPHONEOS_DEPLOYMENT_TARGET = 12.0;
				LD_RUNPATH_SEARCH_PATHS = (
					"$(inherited)",
					"@executable_path/Frameworks",
				);
				PRODUCT_BUNDLE_IDENTIFIER = vpalamar.companion;
				PRODUCT_NAME = "$(TARGET_NAME)";
				SWIFT_VERSION = 5.0;
				TARGETED_DEVICE_FAMILY = "1,2";
			};
			name = Debug;
		};
		E1AAE5BF23631AD60001E4FE /* Release */ = {
			isa = XCBuildConfiguration;
			baseConfigurationReference = 097C92CF47CF695890E3B88E /* Pods-companion.release.xcconfig */;
			buildSettings = {
				ASSETCATALOG_COMPILER_APPICON_NAME = AppIcon;
				CODE_SIGN_STYLE = Automatic;
				DEVELOPMENT_TEAM = ZBUR45N368;
				INFOPLIST_FILE = companion/Additional/Info.plist;
				IPHONEOS_DEPLOYMENT_TARGET = 12.0;
				LD_RUNPATH_SEARCH_PATHS = (
					"$(inherited)",
					"@executable_path/Frameworks",
				);
				PRODUCT_BUNDLE_IDENTIFIER = vpalamar.companion;
				PRODUCT_NAME = "$(TARGET_NAME)";
				SWIFT_VERSION = 5.0;
				TARGETED_DEVICE_FAMILY = "1,2";
			};
			name = Release;
		};
/* End XCBuildConfiguration section */

/* Begin XCConfigurationList section */
		E1AAE5A623631ACE0001E4FE /* Build configuration list for PBXProject "companion" */ = {
			isa = XCConfigurationList;
			buildConfigurations = (
				E1AAE5BB23631AD60001E4FE /* Debug */,
				E1AAE5BC23631AD60001E4FE /* Release */,
			);
			defaultConfigurationIsVisible = 0;
			defaultConfigurationName = Release;
		};
		E1AAE5BD23631AD60001E4FE /* Build configuration list for PBXNativeTarget "companion" */ = {
			isa = XCConfigurationList;
			buildConfigurations = (
				E1AAE5BE23631AD60001E4FE /* Debug */,
				E1AAE5BF23631AD60001E4FE /* Release */,
			);
			defaultConfigurationIsVisible = 0;
			defaultConfigurationName = Release;
		};
/* End XCConfigurationList section */

/* Begin XCVersionGroup section */
		E176F43C239BF4820028766A /* CompanionModel.xcdatamodeld */ = {
			isa = XCVersionGroup;
			children = (
				E176F43D239BF4820028766A /* CompanionModel.xcdatamodel */,
			);
			currentVersion = E176F43D239BF4820028766A /* CompanionModel.xcdatamodel */;
			path = CompanionModel.xcdatamodeld;
			sourceTree = "<group>";
			versionGroupType = wrapper.xcdatamodel;
		};
/* End XCVersionGroup section */
	};
	rootObject = E1AAE5A323631ACE0001E4FE /* Project object */;
}
